
Microsoft Visual Studio Solution File, Format Version 12.00
# Visual Studio 15
VisualStudioVersion = 15.0.26228.4
MinimumVisualStudioVersion = 10.0.40219.1
Project("{FAE04EC0-301F-11D3-BF4B-00C04F79EFBC}") = "ImportarData", "ImportarData\ImportarData.csproj", "{EAC72117-2AB9-4135-9409-EC069B2A495F}"
EndProject
Project("{FAE04EC0-301F-11D3-BF4B-00C04F79EFBC}") = "ImportarData.Tests", "ImportarData.Tests\ImportarData.Tests.csproj", "{79DC8F6C-FBAB-405A-8054-C469F52DDDAB}"
EndProject
Global
	GlobalSection(SolutionConfigurationPlatforms) = preSolution
		Debug|Any CPU = Debug|Any CPU
		Release|Any CPU = Release|Any CPU
	EndGlobalSection
	GlobalSection(ProjectConfigurationPlatforms) = postSolution
		{EAC72117-2AB9-4135-9409-EC069B2A495F}.Debug|Any CPU.ActiveCfg = Debug|Any CPU
		{EAC72117-2AB9-4135-9409-EC069B2A495F}.Debug|Any CPU.Build.0 = Debug|Any CPU
		{EAC72117-2AB9-4135-9409-EC069B2A495F}.Release|Any CPU.ActiveCfg = Release|Any CPU
		{EAC72117-2AB9-4135-9409-EC069B2A495F}.Release|Any CPU.Build.0 = Release|Any CPU
		{79DC8F6C-FBAB-405A-8054-C469F52DDDAB}.Debug|Any CPU.ActiveCfg = Debug|Any CPU
		{79DC8F6C-FBAB-405A-8054-C469F52DDDAB}.Debug|Any CPU.Build.0 = Debug|Any CPU
		{79DC8F6C-FBAB-405A-8054-C469F52DDDAB}.Release|Any CPU.ActiveCfg = Release|Any CPU
		{79DC8F6C-FBAB-405A-8054-C469F52DDDAB}.Release|Any CPU.Build.0 = Release|Any CPU
	EndGlobalSection
	GlobalSection(SolutionProperties) = preSolution
		HideSolutionNode = FALSE
	EndGlobalSection
EndGlobal
